
Microsoft Visual Studio Solution File, Format Version 12.00
# Visual Studio 15
VisualStudioVersion = 15.0.27703.2035
MinimumVisualStudioVersion = 10.0.40219.1
Project("{FAE04EC0-301F-11D3-BF4B-00C04F79EFBC}") = "Equipment-Catalogue", "Equipment-Catalogue\Equipment-Catalogue.csproj", "{A19CA773-1901-485B-AF38-A34F569E97CE}"
EndProject
Global
	GlobalSection(SolutionConfigurationPlatforms) = preSolution
		Debug|Any CPU = Debug|Any CPU
		Release|Any CPU = Release|Any CPU
	EndGlobalSection
	GlobalSection(ProjectConfigurationPlatforms) = postSolution
		{A19CA773-1901-485B-AF38-A34F569E97CE}.Debug|Any CPU.ActiveCfg = Debug|Any CPU
		{A19CA773-1901-485B-AF38-A34F569E97CE}.Debug|Any CPU.Build.0 = Debug|Any CPU
		{A19CA773-1901-485B-AF38-A34F569E97CE}.Release|Any CPU.ActiveCfg = Release|Any CPU
		{A19CA773-1901-485B-AF38-A34F569E97CE}.Release|Any CPU.Build.0 = Release|Any CPU
	EndGlobalSection
	GlobalSection(SolutionProperties) = preSolution
		HideSolutionNode = FALSE
	EndGlobalSection
	GlobalSection(ExtensibilityGlobals) = postSolution
		SolutionGuid = {B84EE374-3B41-43FA-BFA5-5BA0403AF298}
	EndGlobalSection
EndGlobal
